
Microsoft Visual Studio Solution File, Format Version 12.00
# Visual Studio Version 16
VisualStudioVersion = 16.0.30711.63
MinimumVisualStudioVersion = 10.0.40219.1
Project("{FAE04EC0-301F-11D3-BF4B-00C04F79EFBC}") = "WalkThrough_Queries_CSharp", "WalkThrough_Queries_CSharp\WalkThrough_Queries_CSharp.csproj", "{7C4E550F-49A1-4F22-A32B-5F82CE98E057}"
EndProject
Global
	GlobalSection(SolutionConfigurationPlatforms) = preSolution
		Debug|Any CPU = Debug|Any CPU
		Release|Any CPU = Release|Any CPU
	EndGlobalSection
	GlobalSection(ProjectConfigurationPlatforms) = postSolution
		{7C4E550F-49A1-4F22-A32B-5F82CE98E057}.Debug|Any CPU.ActiveCfg = Debug|Any CPU
		{7C4E550F-49A1-4F22-A32B-5F82CE98E057}.Debug|Any CPU.Build.0 = Debug|Any CPU
		{7C4E550F-49A1-4F22-A32B-5F82CE98E057}.Release|Any CPU.ActiveCfg = Release|Any CPU
		{7C4E550F-49A1-4F22-A32B-5F82CE98E057}.Release|Any CPU.Build.0 = Release|Any CPU
	EndGlobalSection
	GlobalSection(SolutionProperties) = preSolution
		HideSolutionNode = FALSE
	EndGlobalSection
	GlobalSection(ExtensibilityGlobals) = postSolution
		SolutionGuid = {715525A0-6618-4179-9328-2EA803147F04}
	EndGlobalSection
EndGlobal
