
Microsoft Visual Studio Solution File, Format Version 12.00
# Visual Studio Version 16
VisualStudioVersion = 16.0.30523.141
MinimumVisualStudioVersion = 10.0.40219.1
Project("{FAE04EC0-301F-11D3-BF4B-00C04F79EFBC}") = "Lab_08_WPF_Intro", "Lab_08_WPF_Intro\Lab_08_WPF_Intro.csproj", "{7CA25243-5B8F-4870-B726-2F86609DC7F9}"
EndProject
Project("{FAE04EC0-301F-11D3-BF4B-00C04F79EFBC}") = "Lab_06_WPF_Grids_Intro", "Lab_06_WPF_Grids_Intro\Lab_06_WPF_Grids_Intro.csproj", "{8C9A0C12-6B4B-4378-8701-1EBAC12DBEDB}"
EndProject
Global
	GlobalSection(SolutionConfigurationPlatforms) = preSolution
		Debug|Any CPU = Debug|Any CPU
		Release|Any CPU = Release|Any CPU
	EndGlobalSection
	GlobalSection(ProjectConfigurationPlatforms) = postSolution
		{7CA25243-5B8F-4870-B726-2F86609DC7F9}.Debug|Any CPU.ActiveCfg = Debug|Any CPU
		{7CA25243-5B8F-4870-B726-2F86609DC7F9}.Debug|Any CPU.Build.0 = Debug|Any CPU
		{7CA25243-5B8F-4870-B726-2F86609DC7F9}.Release|Any CPU.ActiveCfg = Release|Any CPU
		{7CA25243-5B8F-4870-B726-2F86609DC7F9}.Release|Any CPU.Build.0 = Release|Any CPU
		{8C9A0C12-6B4B-4378-8701-1EBAC12DBEDB}.Debug|Any CPU.ActiveCfg = Debug|Any CPU
		{8C9A0C12-6B4B-4378-8701-1EBAC12DBEDB}.Debug|Any CPU.Build.0 = Debug|Any CPU
		{8C9A0C12-6B4B-4378-8701-1EBAC12DBEDB}.Release|Any CPU.ActiveCfg = Release|Any CPU
		{8C9A0C12-6B4B-4378-8701-1EBAC12DBEDB}.Release|Any CPU.Build.0 = Release|Any CPU
	EndGlobalSection
	GlobalSection(SolutionProperties) = preSolution
		HideSolutionNode = FALSE
	EndGlobalSection
	GlobalSection(ExtensibilityGlobals) = postSolution
		SolutionGuid = {CD1CD684-06F3-4795-8482-8A59511BC3A3}
	EndGlobalSection
EndGlobal
