
Microsoft Visual Studio Solution File, Format Version 12.00
# Visual Studio Version 16
VisualStudioVersion = 16.0.30711.63
MinimumVisualStudioVersion = 10.0.40219.1
Project("{FAE04EC0-301F-11D3-BF4B-00C04F79EFBC}") = "IntroToSeleniumWalkThrough", "IntroToSeleniumWalkThrough\IntroToSeleniumWalkThrough.csproj", "{0E2A921C-3D00-40E4-8AC5-B51A84011F67}"
EndProject
Global
	GlobalSection(SolutionConfigurationPlatforms) = preSolution
		Debug|Any CPU = Debug|Any CPU
		Release|Any CPU = Release|Any CPU
	EndGlobalSection
	GlobalSection(ProjectConfigurationPlatforms) = postSolution
		{0E2A921C-3D00-40E4-8AC5-B51A84011F67}.Debug|Any CPU.ActiveCfg = Debug|Any CPU
		{0E2A921C-3D00-40E4-8AC5-B51A84011F67}.Debug|Any CPU.Build.0 = Debug|Any CPU
		{0E2A921C-3D00-40E4-8AC5-B51A84011F67}.Release|Any CPU.ActiveCfg = Release|Any CPU
		{0E2A921C-3D00-40E4-8AC5-B51A84011F67}.Release|Any CPU.Build.0 = Release|Any CPU
	EndGlobalSection
	GlobalSection(SolutionProperties) = preSolution
		HideSolutionNode = FALSE
	EndGlobalSection
	GlobalSection(ExtensibilityGlobals) = postSolution
		SolutionGuid = {77D0DA1F-B9F9-40C6-ABDF-AB5503CAC65C}
	EndGlobalSection
EndGlobal
