
Microsoft Visual Studio Solution File, Format Version 12.00
# Visual Studio Version 16
VisualStudioVersion = 16.0.30711.63
MinimumVisualStudioVersion = 10.0.40219.1
Project("{9A19103F-16F7-4668-BE54-9A1E7A4F7556}") = "EFGetStarted", "EFGetStarted\EFGetStarted.csproj", "{5C037396-85DF-49B5-B769-B3F4D4BC31B9}"
EndProject
Project("{9A19103F-16F7-4668-BE54-9A1E7A4F7556}") = "EFGetStartedBusiness", "EFGetStartedBusiness\EFGetStartedBusiness.csproj", "{B9A978E5-EFBB-4195-9808-16E37EE2608A}"
EndProject
Project("{9A19103F-16F7-4668-BE54-9A1E7A4F7556}") = "EFGetStartedTesting", "EFGetStartedTesting\EFGetStartedTesting.csproj", "{AC4ADA6C-ABE1-4058-AD41-9D363CCFD192}"
EndProject
Project("{FAE04EC0-301F-11D3-BF4B-00C04F79EFBC}") = "WpfApp1", "WpfApp1\WpfApp1.csproj", "{0C8ABB09-E8B5-4704-A860-A454399939EA}"
EndProject
Global
	GlobalSection(SolutionConfigurationPlatforms) = preSolution
		Debug|Any CPU = Debug|Any CPU
		Release|Any CPU = Release|Any CPU
	EndGlobalSection
	GlobalSection(ProjectConfigurationPlatforms) = postSolution
		{5C037396-85DF-49B5-B769-B3F4D4BC31B9}.Debug|Any CPU.ActiveCfg = Debug|Any CPU
		{5C037396-85DF-49B5-B769-B3F4D4BC31B9}.Debug|Any CPU.Build.0 = Debug|Any CPU
		{5C037396-85DF-49B5-B769-B3F4D4BC31B9}.Release|Any CPU.ActiveCfg = Release|Any CPU
		{5C037396-85DF-49B5-B769-B3F4D4BC31B9}.Release|Any CPU.Build.0 = Release|Any CPU
		{B9A978E5-EFBB-4195-9808-16E37EE2608A}.Debug|Any CPU.ActiveCfg = Debug|Any CPU
		{B9A978E5-EFBB-4195-9808-16E37EE2608A}.Debug|Any CPU.Build.0 = Debug|Any CPU
		{B9A978E5-EFBB-4195-9808-16E37EE2608A}.Release|Any CPU.ActiveCfg = Release|Any CPU
		{B9A978E5-EFBB-4195-9808-16E37EE2608A}.Release|Any CPU.Build.0 = Release|Any CPU
		{AC4ADA6C-ABE1-4058-AD41-9D363CCFD192}.Debug|Any CPU.ActiveCfg = Debug|Any CPU
		{AC4ADA6C-ABE1-4058-AD41-9D363CCFD192}.Debug|Any CPU.Build.0 = Debug|Any CPU
		{AC4ADA6C-ABE1-4058-AD41-9D363CCFD192}.Release|Any CPU.ActiveCfg = Release|Any CPU
		{AC4ADA6C-ABE1-4058-AD41-9D363CCFD192}.Release|Any CPU.Build.0 = Release|Any CPU
		{0C8ABB09-E8B5-4704-A860-A454399939EA}.Debug|Any CPU.ActiveCfg = Debug|Any CPU
		{0C8ABB09-E8B5-4704-A860-A454399939EA}.Debug|Any CPU.Build.0 = Debug|Any CPU
		{0C8ABB09-E8B5-4704-A860-A454399939EA}.Release|Any CPU.ActiveCfg = Release|Any CPU
		{0C8ABB09-E8B5-4704-A860-A454399939EA}.Release|Any CPU.Build.0 = Release|Any CPU
	EndGlobalSection
	GlobalSection(SolutionProperties) = preSolution
		HideSolutionNode = FALSE
	EndGlobalSection
	GlobalSection(ExtensibilityGlobals) = postSolution
		SolutionGuid = {DA210597-A852-4ADE-9A1B-1DE5B49A20C7}
	EndGlobalSection
EndGlobal
